{
  "name": "em-backend",
  "version": "1.0.0",
  "lockfileVersion": 2,
  "requires": true,
  "packages": {
    "": {
      "name": "em-backend",
      "version": "1.0.0",
      "license": "ISC",
      "devDependencies": {
        "prisma": "^3.15.1"
      }
    },
    "node_modules/@prisma/engines": {
      "version": "3.15.1-1.461d6a05159055555eb7dfb337c9fb271cbd4d7e",
      "resolved": "https://registry.npmjs.org/@prisma/engines/-/engines-3.15.1-1.461d6a05159055555eb7dfb337c9fb271cbd4d7e.tgz",
      "integrity": "sha512-NHlojO1DFTsSi3FtEleL9QWXeSF/UjhCW0fgpi7bumnNZ4wj/eQ+BJJ5n2pgoOliTOGv9nX2qXvmHap7rJMNmg==",
      "dev": true,
      "hasInstallScript": true
    },
    "node_modules/prisma": {
      "version": "3.15.1",
      "resolved": "https://registry.npmjs.org/prisma/-/prisma-3.15.1.tgz",
      "integrity": "sha512-MLO3JUGJpe5+EVisA/i47+zlyF8Ug0ivvGYG4B9oSXQcPiUHB1ccmnpxqR7o0Up5SQgmxkBiEU//HgR6UuIKOw==",
      "dev": true,
      "hasInstallScript": true,
      "dependencies": {
        "@prisma/engines": "3.15.1-1.461d6a05159055555eb7dfb337c9fb271cbd4d7e"
      },
      "bin": {
        "prisma": "build/index.js",
        "prisma2": "build/index.js"
      },
      "engines": {
        "node": ">=12.6"
      }
    }
  },
  "dependencies": {
    "@prisma/engines": {
      "version": "3.15.1-1.461d6a05159055555eb7dfb337c9fb271cbd4d7e",
      "resolved": "https://registry.npmjs.org/@prisma/engines/-/engines-3.15.1-1.461d6a05159055555eb7dfb337c9fb271cbd4d7e.tgz",
      "integrity": "sha512-NHlojO1DFTsSi3FtEleL9QWXeSF/UjhCW0fgpi7bumnNZ4wj/eQ+BJJ5n2pgoOliTOGv9nX2qXvmHap7rJMNmg==",
      "dev": true
    },
    "prisma": {
      "version": "3.15.1",
      "resolved": "https://registry.npmjs.org/prisma/-/prisma-3.15.1.tgz",
      "integrity": "sha512-MLO3JUGJpe5+EVisA/i47+zlyF8Ug0ivvGYG4B9oSXQcPiUHB1ccmnpxqR7o0Up5SQgmxkBiEU//HgR6UuIKOw==",
      "dev": true,
      "requires": {
        "@prisma/engines": "3.15.1-1.461d6a05159055555eb7dfb337c9fb271cbd4d7e"
      }
    }
  }
}
